version = 1
revision = 3
requires-python = ">=3.10"

[[package]]
name = "async-timeout"
version = "5.0.1"
source = { registry = "https://pypi.org/simple" }
sdist = { url = "https://files.pythonhosted.org/packages/a5/ae/136395dfbfe00dfc94da3f3e136d0b13f394cba8f4841120e34226265780/async_timeout-5.0.1.tar.gz", hash = "sha256:d9321a7a3d5a6a5e187e824d2fa0793ce379a202935782d555d6e9d2735677d3", size = 9274, upload-time = "2024-11-06T16:41:39.6Z" }
wheels = [
    { url = "https://files.pythonhosted.org/packages/fe/ba/e2081de779ca30d473f21f5b30e0e737c438205440784c7dfc81efc2b029/async_timeout-5.0.1-py3-none-any.whl", hash = "sha256:39e3809566ff85354557ec2398b55e096c8364bacac9405a7a1fa429e77fe76c", size = 6233, upload-time = "2024-11-06T16:41:37.9Z" },
]

[[package]]
name = "linkify-it-py"
version = "2.2.0"
source = { registry = "https://pypi.org/simple" }
sdist = { url = "https://files.pythonhosted.org/packages/45/98/7a1a5f31fd5c7ba93e963b168e244b8e3dd705b3d2a718e3c3307583bf57/linkify_it_py-2.2.0.tar.gz", hash = "sha256:907acd2d17ac1fbb9ddb62c8957ccbd6158cac602231a15c3b0cd1e215f03cee", size = 32939, upload-time = "2026-08-29T07:07:08.305Z" }
wheels = [
    { url = "https://files.pythonhosted.org/packages/13/d4/1152d1c7ab42d8b908be64fd200ddc870dc9d4925e951198702084aa1a7d/linkify_it_py-2.2.0-py3-none-any.whl", hash = "sha256:3adc40eb5af300b2605fcfdb968c24e1d780a90f1f2221af7c15e5111e94d443", size = 21971, upload-time = "2026-08-29T07:07:07.164Z" },
]

[[package]]
name = "markdown-it-py"
version = "4.2.0"
source = { registry = "https://pypi.org/simple" }
dependencies = [
    { name = "mdurl" },
]
sdist = { url = "https://files.pythonhosted.org/packages/06/ff/7841249c247aa650a76b9ee4bbaeae59370dc8bfd2f6c01f3630c35eb134/markdown_it_py-4.2.0.tar.gz", hash = "sha256:04a21681d6fbb623de53f6f364d352309d4094dd4194040a10fd51833e418d49", size = 82454, upload-time = "2026-05-07T12:08:28.36Z" }
wheels = [
    { url = "https://files.pythonhosted.org/packages/b3/81/4da04ced5a082363ecfa159c010d200ecbd959ae410c10c0264a38cac0f5/markdown_it_py-4.2.0-py3-none-any.whl", hash = "sha256:9f7ebbcd14fe59494226453aed97c1070d83f8d24b6fc3a3bcf9a38092641c4a", size = 91687, upload-time = "2026-05-07T12:08:27.182Z" },
]

[package.optional-dependencies]
linkify = [
    { name = "linkify-it-py" },
]

[[package]]
name = "mdit-py-plugins"
version = "0.6.1"
source = { registry = "https://pypi.org/simple" }
dependencies = [
    { name = "markdown-it-py" },
]
sdist = { url = "https://files.pythonhosted.org/packages/59/fc/f8d0863f8862f25602c0404d75568e89fb6b4109804645e5cdfb1be5cf56/mdit_py_plugins-0.6.1.tar.gz", hash = "sha256:a2bca0f039f39dbd35fb74ae1b5f998608c437463371f0ff7f49a19a17a114d0", size = 56114, upload-time = "2026-05-13T09:03:38.91Z" }
wheels = [
    { url = "https://files.pythonhosted.org/packages/a5/69/6da5581c6a7fede7dc261bf4e67d6adca4196f176b43288b55b3db395b6e/mdit_py_plugins-0.6.1-py3-none-any.whl", hash = "sha256:214c82fb2ac524472ab6a5bcab1de80f73b50443e187f401bfd77efbc7c6481d", size = 66663, upload-time = "2026-05-13T09:03:37.76Z" },
]

[[package]]
name = "mdurl"
version = "0.1.2"
source = { registry = "https://pypi.org/simple" }
sdist = { url = "https://files.pythonhosted.org/packages/d6/54/cfe61301667036ec958cb99bd3efefba235e65cdeb9c84d24a8293ba1d90/mdurl-0.1.2.tar.gz", hash = "sha256:bb413d29f5eea38f31dd4754dd7377d4465116fb207585f97bf925588687c1ba", size = 8729, upload-time = "2022-08-14T12:40:10.846Z" }
wheels = [
    { url = "https://files.pythonhosted.org/packages/b3/38/89ba8ad64ae25be8de66a6d463314cf1eb366222074cfda9ee839c56a4b4/mdurl-0.1.2-py3-none-any.whl", hash = "sha256:84008a41e51615a49fc9966191ff91509e3c40b939176e643fd50a5c2196b8f8", size = 9979, upload-time = "2022-08-14T12:40:09.779Z" },
]

[[package]]
name = "msgpack"
version = "1.2.2"
source = { registry = "https://pypi.org/simple" }
sdist = { url = "https://files.pythonhosted.org/packages/6d/44/ea2100ec54d30c46ee9dba10a3bfb79b655e96c6df237238a3234c75869b/msgpack-1.2.2.tar.gz", hash = "sha256:9eb0b0e602064527a045ea28c4f174ed69383587e29cebe28947e3b84106eb2a", size = 187025, upload-time = "2026-08-27T10:03:47.793Z" }
wheels = [
    { url = "https://files.pythonhosted.org/packages/c9/40/181c8944b28f779ed0b2587d24cc0ccf1bc87248204105327140aa20d63d/msgpack-1.2.2-cp310-cp310-macosx_10_9_x86_64.whl", hash = "sha256:7afa5431f6f3487c584187ca6c8e2a34e9b106529893b3e720eabb068f6ac970", size = 83554, upload-time = "2026-08-27T10:01:34.182Z" },
    { url = "https://files.pythonhosted.org/packages/03/f7/a6bf145f7d3eb734b3d97fa295f8007a586799ef56b456c8b27bff62caac/msgpack-1.2.2-cp310-cp310-macosx_11_0_arm64.whl", hash = "sha256:a9b4cf3685a135666d27d0d7a73fece74e2fad01d9b508fded89e843512f0e90", size = 83857, upload-time = "2026-08-27T10:01:35.816Z" },
    { url = "https://files.pythonhosted.org/packages/93/1a/77d32a60a80ee67016e77b13bec07e85f1929a92f046da044591c7eb01c9/msgpack-1.2.2-cp310-cp310-manylinux2014_aarch64.manylinux_2_17_aarch64.manylinux_2_28_aarch64.whl", hash = "sha256:4710d881d8fb047deed2485707409116722af2b992d3fefd73c7667c4e350839", size = 398390, upload-time = "2026-08-27T10:01:37.693Z" },
    { url = "https://files.pythonhosted.org/packages/3f/f5/ae93f85b063d744731cb285528210cd950333b167cacc7b2f96e1420a475/msgpack-1.2.2-cp310-cp310-manylinux2014_x86_64.manylinux_2_17_x86_64.manylinux_2_28_x86_64.whl", hash = "sha256:58ce37a4a54577115922385d37201d9a44d66d0167dfbbf4770a2e9bf8ea7ba3", size = 407183, upload-time = "2026-08-27T10:01:39.499Z" },
    { url = "https://files.pythonhosted.org/packages/17/92/d91a08a913a3bbafbede5b9dbf48e4e517f7d92510877b6b02730060ea85/msgpack-1.2.2-cp310-cp310-manylinux_2_31_riscv64.manylinux_2_39_riscv64.whl", hash = "sha256:86f173a584f72f6164801f31866d22a581f60c991572cf922aed9ab8eb422b77", size = 375978, upload-time = "2026-08-27T10:01:41.234Z" },
    { url = "https://files.pythonhosted.org/packages/b5/a4/27400c101a96115fe8484cad57b6c5eb4f9ffba080a1d9be62ec9174bf67/msgpack-1.2.2-cp310-cp310-musllinux_1_2_aarch64.whl", hash = "sha256:e05a94a0442de86818a30281c6cc2cb9cc7aa148386fd3541c4d4774b73cb3a9", size = 389566, upload-time = "2026-08-27T10:01:42.779Z" },
    { url = "https://files.pythonhosted.org/packages/44/92/541e9fa4623587767623788b38d11fc78d402acb1421962a13d3ace48bef/msgpack-1.2.2-cp310-cp310-musllinux_1_2_riscv64.whl", hash = "sha256:9bd3d1557c3fe1a095068210708a03e3e4795973392af6f4047060e70abd9a6c", size = 372583, upload-time = "2026-08-27T10:01:44.572Z" },
    { url = "https://files.pythonhosted.org/packages/0e/03/c1e0035e1f923f548b7016a2fef5afea431cdae95d397c5aa52ed75dde05/msgpack-1.2.2-cp310-cp310-musllinux_1_2_x86_64.whl", hash = "sha256:46ec851571d8f1b6e29794ebb9dd36f785008da6d14f57c702e60781d6caf648", size = 404507, upload-time = "2026-08-27T10:01:46.167Z" },
    { url = "https://files.pythonhosted.org/packages/ca/49/7efba0fd604059f0dc8f57ba2867bda4d57bab6921a12e975ecfbd49284c/msgpack-1.2.2-cp310-cp310-win32.whl", hash = "sha256:1f3af0baafd184436501004828bb3df64eeb2fc49dfe9d89abcf604956094563", size = 64848, upload-time = "2026-08-27T10:01:47.797Z" },
    { url = "https://files.pythonhosted.org/packages/57/1d/b41e96ff441d46890b9d5982959aea4d15c5d322f92740dbef16e9dfa908/msgpack-1.2.2-cp310-cp310-win_amd64.whl", hash = "sha256:82b1bdf293267afaadcc608b125e7fc6576bb0785a60c4fa7d07c7ab76ed76ec", size = 70927, upload-time = "2026-08-27T10:01:49.199Z" },
    { url = "https://files.pythonhosted.org/packages/53/fd/a05ba8f84c5951c9aec2a19c1c81f6c4a67b8bec80af604ac5b23ccfa019/msgpack-1.2.2-cp311-cp311-macosx_10_9_x86_64.whl", hash = "sha256:9d7fb25b4442fae0cb2590272d06ab4f6caa526ee36a994edb81e946b874813e", size = 83498, upload-time = "2026-08-27T10:01:50.62Z" },
    { url = "https://files.pythonhosted.org/packages/0f/df/e20bcf5c149890545334743b212eb4b82e1a25fe0a34f99753a1755bfab5/msgpack-1.2.2-cp311-cp311-macosx_11_0_arm64.whl", hash = "sha256:7fe374ba76eb0ecca13a1703daa8fa85825a6ddddbb52d4c1a732fa524194683", size = 83896, upload-time = "2026-08-27T10:01:51.898Z" },
    { url = "https://files.pythonhosted.org/packages/ac/c3/00dcd902d66a641b9ba350783feb482ea5c1ca4a7ff6629db0c10c0ea982/msgpack-1.2.2-cp311-cp311-manylinux2014_aarch64.manylinux_2_17_aarch64.manylinux_2_28_aarch64.whl", hash = "sha256:b9b0c1f2aa7b0026b4bd50718100e8b04175e4f36e160aa852502377b5e572e7", size = 413259, upload-time = "2026-08-27T10:01:53.296Z" },
    { url = "https://files.pythonhosted.org/packages/93/15/17374efe9793f5332c7d4727ab40539f95a1dc9df653531795daca8c4281/msgpack-1.2.2-cp311-cp311-manylinux2014_x86_64.manylinux_2_17_x86_64.manylinux_2_28_x86_64.whl", hash = "sha256:f11e09f10210a91c169e39c7a5a1f9090eaa73ad75555fafad5023c3053c47ba", size = 422907, upload-time = "2026-08-27T10:01:54.786Z" },
    { url = "https://files.pythonhosted.org/packages/d3/af/2b567d684f912fedcefe3f7c37de604716ffa99336bd432688f9f040df92/msgpack-1.2.2-cp311-cp311-manylinux_2_31_riscv64.manylinux_2_39_riscv64.whl", hash = "sha256:8b1415d02e9bf722672af8a90f90813265a0cd0b14163187261e54a5592bc949", size = 389248, upload-time = "2026-08-27T10:01:56.55Z" },
    { url = "https://files.pythonhosted.org/packages/2a/fd/d8533fed473cc3e309a701e851d0e5fe36ada5552a3899025f5c69fbe877/msgpack-1.2.2-cp311-cp311-musllinux_1_2_aarch64.whl", hash = "sha256:42fd9260416885b4815caca5bdd14dfd5dda6cdade732d6c09104ef8f6228761", size = 407099, upload-time = "2026-08-27T10:01:58.357Z" },
    { url = "https://files.pythonhosted.org/packages/d6/1b/57906337bfee0ead554571dc203ea17c3fad26d51e5eca6271ecd983f73b/msgpack-1.2.2-cp311-cp311-musllinux_1_2_riscv64.whl", hash = "sha256:336525cc2688e43ea77dfb1a4ce012c8cde561835913801dbfcfdcf4111d8abb", size = 387201, upload-time = "2026-08-27T10:02:00.109Z" },
    { url = "https://files.pythonhosted.org/packages/de/0f/5d1e6d68e516621697a9262b24917d678793e838cf3f331ed4656b3e959d/msgpack-1.2.2-cp311-cp311-musllinux_1_2_x86_64.whl", hash = "sha256:cdb6cc6e1127d15879c47a8b3270716243da82d3e7feab1f5946872c75b3d60f", size = 420765, upload-time = "2026-08-27T10:02:01.573Z" },
    { url = "https://files.pythonhosted.org/packages/6f/a6/07f9a4f3324d55c3567ab2a7e8d5325291bc95a31a374bb390a21b7c4e24/msgpack-1.2.2-cp311-cp311-win32.whl", hash = "sha256:cf66fb38703e61a486b01b56d43bb1f50698fbe99b6bd90feba10f24fab60b3b", size = 64785, upload-time = "2026-08-27T10:02:03.01Z" },
    { url = "https://files.pythonhosted.org/packages/84/13/f748f0d59f355d196e71a0b32d48d386a9bd311f94d954e666cf7e5b2572/msgpack-1.2.2-cp311-cp311-win_amd64.whl", hash = "sha256:0883a1578168929fd1640fbbc4614773f1a130e419a8a817dc2918d9af1b651c", size = 71258, upload-time = "2026-08-27T10:02:04.375Z" },
    { url = "https://files.pythonhosted.org/packages/46/a6/10d979c4e76b18a9b9ebbd6499ff863474ffe5955028ea27e09b66f6833c/msgpack-1.2.2-cp311-cp311-win_arm64.whl", hash = "sha256:4955accbd87f27beebef5f3ecc27503aa74cb016fb4f640868e749fd93194a35", size = 65860, upload-time = "2026-08-27T10:02:05.735Z" },
    { url = "https://files.pythonhosted.org/packages/31/78/90c15bebb1a72667349ca62d4507e9d9369e7f8f76b95f490b823d3622e5/msgpack-1.2.2-cp312-cp312-macosx_10_13_x86_64.whl", hash = "sha256:4a4348705be86e029d04e741cf9ed0dfe03e942d7d3b92e838fa80d3aa2c3ebc", size = 84275, upload-time = "2026-08-27T10:02:07.106Z" },
    { url = "https://files.pythonhosted.org/packages/88/88/c2b6d8e81571da87aa232c0e34a3f3a0e618e6235892065ec82d1d81fc7a/msgpack-1.2.2-cp312-cp312-macosx_11_0_arm64.whl", hash = "sha256:0a652ceeededf71d3fa40c303a02a149d42338d310162367b91c539d4bd6e0a3", size = 83970, upload-time = "2026-08-27T10:02:08.488Z" },
    { url = "https://files.pythonhosted.org/packages/da/c0/d3ede9f5d16acb4c05a9281859f1e99ef9f877a928eb78454c37f70db001/msgpack-1.2.2-cp312-cp312-manylinux2014_aarch64.manylinux_2_17_aarch64.manylinux_2_28_aarch64.whl", hash = "sha256:90986cc9aab9d7d1d8f38bcbf65d3f7ac83bdd90c35765db7d691b4829698cba", size = 409401, upload-time = "2026-08-27T10:02:09.877Z" },
    { url = "https://files.pythonhosted.org/packages/41/f0/29f591bea185616cf417645ac03bd3ad9b317483ad8572160e325f7fe777/msgpack-1.2.2-cp312-cp312-manylinux2014_x86_64.manylinux_2_17_x86_64.manylinux_2_28_x86_64.whl", hash = "sha256:77c2e018417dc1d66f235e383877ee885b60ade9d29e494dd581e08af2cb1923", size = 420619, upload-time = "2026-08-27T10:02:11.526Z" },
    { url = "https://files.pythonhosted.org/packages/4e/8e/c70c8c9180c5ddf4440eb8658ebead98e22e7686fbf84f6b165031430750/msgpack-1.2.2-cp312-cp312-manylinux_2_31_riscv64.manylinux_2_39_riscv64.whl", hash = "sha256:0e91332144f69bc3018c91232fac26da580ef748fb8eaddd7914d4458001cc4f", size = 379747, upload-time = "2026-08-27T10:02:13.345Z" },
    { url = "https://files.pythonhosted.org/packages/50/9a/f10ce11fa62700c9ab87a22e65b9ca272f7f673ddd31aeb2de6ae272ad35/msgpack-1.2.2-cp312-cp312-musllinux_1_2_aarch64.whl", hash = "sha256:3e915d390d7068b257ca8b62f3fc59fad135c8631d1017ab03b0b924b07c5367", size = 398944, upload-time = "2026-08-27T10:02:15.006Z" },
    { url = "https://files.pythonhosted.org/packages/82/fe/d7be978456ff8552e69a8e270d882e7530e01513c096b293d83df03753ea/msgpack-1.2.2-cp312-cp312-musllinux_1_2_riscv64.whl", hash = "sha256:c522420d78db2431887d45b518e304d86e27b9ad0b30f24e3806a6ad5d8bdbfc", size = 373979, upload-time = "2026-08-27T10:02:16.618Z" },
    { url = "https://files.pythonhosted.org/packages/be/af/91b0d8d3fb3063e259daee3ea8515cea6282f68f4b0e5f0b6fea25762c6e/msgpack-1.2.2-cp312-cp312-musllinux_1_2_x86_64.whl", hash = "sha256:4b554d8164ebb526892194f71dcd96ef1fefe0c250087498785d3ffc04a80be3", size = 417781, upload-time = "2026-08-27T10:02:18.293Z" },
    { url = "https://files.pythonhosted.org/packages/8e/3c/ce8e9efe1fd9e95c78b3705e4300ba7feba3dc6c00fb76259895db155518/msgpack-1.2.2-cp312-cp312-win32.whl", hash = "sha256:0e3315de5a4b2920ccef48d96b4448025e064a10d0f5a250f6584477d839c8d4", size = 65267, upload-time = "2026-08-27T10:02:19.869Z" },
    { url = "https://files.pythonhosted.org/packages/85/98/a33b8b4af14e3476bb0da1b8c36ef7a0f28dcf95db1c5e68ff88cb89d591/msgpack-1.2.2-cp312-cp312-win_amd64.whl", hash = "sha256:b68614fba0570349833b7dd999ff0aed4e5cc8d9eb6e3a7d4527be33c65e33d3", size = 72275, upload-time = "2026-08-27T10:02:21.141Z" },
    { url = "https://files.pythonhosted.org/packages/df/5e/2f323a33a6aba5bd4b2d8b430e4fab21d92cd91c093b49ee287bc166ee54/msgpack-1.2.2-cp312-cp312-win_arm64.whl", hash = "sha256:59d5b93efa45fd09f620d0c9ba81cde339a2c9937af3eea42ee9653094ce6640", size = 65488, upload-time = "2026-08-27T10:02:22.575Z" },
    { url = "https://files.pythonhosted.org/packages/1f/eb/42f31c5a48811787ff59a9869721f70a49654d65ab6c455f4463c39b044e/msgpack-1.2.2-cp313-cp313-macosx_10_13_x86_64.whl", hash = "sha256:8b2a281b556f120a43e591ea39915741b7ad54d4727b9c4350a0a11692252533", size = 83911, upload-time = "2026-08-27T10:02:24.06Z" },
    { url = "https://files.pythonhosted.org/packages/33/54/10c6c16ddba8a5112e3680176b838e3694e4aad7284f9daa6d6d70d98817/msgpack-1.2.2-cp313-cp313-macosx_11_0_arm64.whl", hash = "sha256:1e8cdd1f3e7cc52c751092a9bf740e81e6919ab109cd376ae2d965dad0bbae34", size = 83734, upload-time = "2026-08-27T10:02:25.613Z" },
    { url = "https://files.pythonhosted.org/packages/d7/75/35823e4419df8792191b2a17ae3fe71b41d02c162b2c491c94d1a87f0caa/msgpack-1.2.2-cp313-cp313-manylinux2014_aarch64.manylinux_2_17_aarch64.manylinux_2_28_aarch64.whl", hash = "sha256:1814f92306ae7862908e9ece7cfd90e0dc87ded3e89b6ae7ffdd1175d6376fdc", size = 405635, upload-time = "2026-08-27T10:02:27.012Z" },
    { url = "https://files.pythonhosted.org/packages/6e/d3/6592e4064619b04f2dd0054c5fa13e37e3d55eb26044483d871fadb2f46b/msgpack-1.2.2-cp313-cp313-manylinux2014_x86_64.manylinux_2_17_x86_64.manylinux_2_28_x86_64.whl", hash = "sha256:d24b38a825bcca41bb956de50eb98451ef291304a8607fad99e619043d3e79b9", size = 417332, upload-time = "2026-08-27T10:02:28.776Z" },
    { url = "https://files.pythonhosted.org/packages/e3/a1/b21c6818a545e9a4a976ac954a5c250eecde9a02e0ec82f415473dab1324/msgpack-1.2.2-cp313-cp313-manylinux_2_31_riscv64.manylinux_2_39_riscv64.whl", hash = "sha256:34e83e345194a2a51d8bd447dea9de2104f91e75b247f4735f14f04529f0746b", size = 374378, upload-time = "2026-08-27T10:02:30.678Z" },
    { url = "https://files.pythonhosted.org/packages/03/8b/7ada15c7b64151d6dbb562d1b091520efb2c37acf2403b1d4ae13797b27d/msgpack-1.2.2-cp313-cp313-musllinux_1_2_aarch64.whl", hash = "sha256:682804bf31e43d46e51a9a33bd575b51e839d715ce6bd5612c055f7b28ad637b", size = 395809, upload-time = "2026-08-27T10:02:32.322Z" },
    { url = "https://files.pythonhosted.org/packages/bb/f7/96283e50f7020df4dfeacc55612b7a210c8cdf0dda48bc262f1f9b3e4c49/msgpack-1.2.2-cp313-cp313-musllinux_1_2_riscv64.whl", hash = "sha256:9b659d77f8726fa5e7038967dda6b68d53cf34472c094cfa5b845454713b90d5", size = 373495, upload-time = "2026-08-27T10:02:33.832Z" },
    { url = "https://files.pythonhosted.org/packages/cc/fe/1548dede9d9ca482f2d424a2e110a9705d4e02627a16b8bc8d10ce0208a2/msgpack-1.2.2-cp313-cp313-musllinux_1_2_x86_64.whl", hash = "sha256:4d9a562aec0a92fe536da2e533d313b3d2a6b929157b1dec7ff623446dc0a8ab", size = 414360, upload-time = "2026-08-27T10:02:35.396Z" },
    { url = "https://files.pythonhosted.org/packages/77/9d/4419b8f86c219174b1fb8bbd7faaf84a548935f7b1916d028401b9433417/msgpack-1.2.2-cp313-cp313-win32.whl", hash = "sha256:a4161eee7799863aee237c35c90427861f7b994416dd81ae829f560b0a81bdcd", size = 65196, upload-time = "2026-08-27T10:02:37.007Z" },
    { url = "https://files.pythonhosted.org/packages/3c/f8/593f5caf0dacab41cde1564c5f0419e61af55ec9628006205e8fd5eb5e03/msgpack-1.2.2-cp313-cp313-win_amd64.whl", hash = "sha256:b07c03f0da7e5279170df7745ddc732d526c8a198208936ec1a95c11ed2b2d5f", size = 72203, upload-time = "2026-08-27T10:02:38.28Z" },
    { url = "https://files.pythonhosted.org/packages/bc/9e/c6ef92046b4a2bbb9d3aa0cb581cbf4a4051afccf6e5fb301a1bd3086f39/msgpack-1.2.2-cp313-cp313-win_arm64.whl", hash = "sha256:d13d07efbf655f9ae7a2352b630c52727b359005b21ba08a507585c9ac8c0896", size = 65435, upload-time = "2026-08-27T10:02:39.534Z" },
    { url = "https://files.pythonhosted.org/packages/5e/50/3e92c403346652cabd08cb8faceef847bae917ea3b3c81b64a5b6d09ed41/msgpack-1.2.2-cp314-cp314-macosx_10_15_x86_64.whl", hash = "sha256:e497ee34e8a3342bbde51b27c22d8db05a651df3361dd3daef5b3ab0d66f3e04", size = 84315, upload-time = "2026-08-27T10:02:41.181Z" },
    { url = "https://files.pythonhosted.org/packages/b6/dc/8efe6dd96a12ab043930cb4cffb40b6e7f061491d6ec7a3d2b75ef1fda42/msgpack-1.2.2-cp314-cp314-macosx_11_0_arm64.whl", hash = "sha256:0dd9173c5ebaf5ecc5ca86e7ae1db92934e1d57b856f3dd90698941431f4fd77", size = 84634, upload-time = "2026-08-27T10:02:42.621Z" },
    { url = "https://files.pythonhosted.org/packages/1b/89/996573095bf7b038c04dd65ddbc4f1a4d381b0f7a44ff9186f3c7b8325c2/msgpack-1.2.2-cp314-cp314-manylinux2014_aarch64.manylinux_2_17_aarch64.manylinux_2_28_aarch64.whl", hash = "sha256:8dc4487097571f7311188c3eca2a3e86cd1f1db4c37c7a017bcc3fd38486cbfe", size = 404194, upload-time = "2026-08-27T10:02:44.096Z" },
    { url = "https://files.pythonhosted.org/packages/b6/4e/46f5a5d949dbd054dab60cb15aac7ac6ae6774c134532893414689bf2f53/msgpack-1.2.2-cp314-cp314-manylinux2014_x86_64.manylinux_2_17_x86_64.manylinux_2_28_x86_64.whl", hash = "sha256:73b0e05c32c3cfc3cd84994908e57430c0ebc6813abf905d3f18ff115d54df3f", size = 412343, upload-time = "2026-08-27T10:02:45.747Z" },
    { url = "https://files.pythonhosted.org/packages/da/e8/739a94197358a313307e6e9e7d8d22ef66add39222de911a44161aa96920/msgpack-1.2.2-cp314-cp314-manylinux_2_31_riscv64.manylinux_2_39_riscv64.whl", hash = "sha256:aa1120c653b76d8eafa50423b5eba06b5c9737f8692c74fa3afe03e84b8978ea", size = 372620, upload-time = "2026-08-27T10:02:47.578Z" },
    { url = "https://files.pythonhosted.org/packages/03/d4/09b92e1fcdccea9466bfae45455367ac52362ae445d96a602e51b7a8df73/msgpack-1.2.2-cp314-cp314-musllinux_1_2_aarch64.whl", hash = "sha256:ccfd880988f8438d1c91c77d7edc58e70f4d2012e999167bc154c64c6f06ea6b", size = 394603, upload-time = "2026-08-27T10:02:49.172Z" },
    { url = "https://files.pythonhosted.org/packages/47/db/d11bd6f258a60703dcdc7a3772818ad0c2f602ee4c2acfb24088c6c3ebc3/msgpack-1.2.2-cp314-cp314-musllinux_1_2_riscv64.whl", hash = "sha256:6195257a107bf25872ef84aab7295078271eea3ac6413f0506b631f6c9586ed5", size = 372666, upload-time = "2026-08-27T10:02:50.886Z" },
    { url = "https://files.pythonhosted.org/packages/71/cf/fbbbac0c6e5fbb9d51abc23e3b5fe8620f5c01e0588797cf664a623bb9e1/msgpack-1.2.2-cp314-cp314-musllinux_1_2_x86_64.whl", hash = "sha256:b8dd6c71d20c28d2d0eb0c51e7cccf3584afde3b1364f6629596186c9025bd54", size = 410889, upload-time = "2026-08-27T10:02:52.51Z" },
    { url = "https://files.pythonhosted.org/packages/94/60/8366558da954095e04e7fbc351f9387d87a682feaee9a235ceda966f794b/msgpack-1.2.2-cp314-cp314-win32.whl", hash = "sha256:d242f3c4ccf55b056e6cf901720dccde58f1df117898f2bbf3bcd6e38ec7c248", size = 66774, upload-time = "2026-08-27T10:02:53.984Z" },
    { url = "https://files.pythonhosted.org/packages/4b/3d/1ce873c8057c65e4fbb076ffe1c99c9ae39d90a00a2540d7b06c652a292f/msgpack-1.2.2-cp314-cp314-win_amd64.whl", hash = "sha256:1510f24612d4b983dff6935d9273e02c320cfd525727fbcb58836a75f589fdbc", size = 73424, upload-time = "2026-08-27T10:02:55.277Z" },
    { url = "https://files.pythonhosted.org/packages/d5/55/e36f2a33e38657f33850d74e0bf256838a0d45802c298cc501a32bffcc08/msgpack-1.2.2-cp314-cp314-win_arm64.whl", hash = "sha256:7826f16edc763e768404f55605ef85dfcf5857e729c1ed29e0d7c180be4fe6d8", size = 67657, upload-time = "2026-08-27T10:02:56.493Z" },
    { url = "https://files.pythonhosted.org/packages/64/58/7e764b957bae80ae281a9cb28761068c8bae8d5c6ac0873e43cc69d176c7/msgpack-1.2.2-cp314-cp314t-macosx_10_15_x86_64.whl", hash = "sha256:f466049b8e1ec0854287bbe9a074316826fe0e08dcf707245f98b1ae49e92650", size = 86594, upload-time = "2026-08-27T10:02:57.796Z" },
    { url = "https://files.pythonhosted.org/packages/ae/f0/250f5985b6ee533e60d357571a808aaae03c54118294dc3db7158e27feb1/msgpack-1.2.2-cp314-cp314t-macosx_11_0_arm64.whl", hash = "sha256:1f6b6f8deb07d49090e1808c6ef9cb7d23ca17bef3aa6ed3e5e03df16606e60c", size = 87374, upload-time = "2026-08-27T10:02:59.256Z" },
    { url = "https://files.pythonhosted.org/packages/bd/2c/126ec8f187877c5f688631c543d1d3a3d75b2e66b83fb9de3ed7c13a39b6/msgpack-1.2.2-cp314-cp314t-manylinux2014_aarch64.manylinux_2_17_aarch64.manylinux_2_28_aarch64.whl", hash = "sha256:b542ffc0a5c531eedc40419f291f1bd659aa8d4223408a5b51c88a2796083fd3", size = 428157, upload-time = "2026-08-27T10:03:00.9Z" },
    { url = "https://files.pythonhosted.org/packages/95/21/d2d81d50aaedb14147d01f22094185794db3ad8a8791b60afacba0627c89/msgpack-1.2.2-cp314-cp314t-manylinux2014_x86_64.manylinux_2_17_x86_64.manylinux_2_28_x86_64.whl", hash = "sha256:7d095df2627e5dd59ac7b0c5ad627a671c76e6020171e03cbe4621a61f0562c3", size = 426669, upload-time = "2026-08-27T10:03:02.457Z" },
    { url = "https://files.pythonhosted.org/packages/c6/fc/f7d484ee5b572719608e7ffad569bea22ff11309a96ca2fae85eec94226b/msgpack-1.2.2-cp314-cp314t-manylinux_2_31_riscv64.manylinux_2_39_riscv64.whl", hash = "sha256:ffdd2f4950daf7815490f23087963e3420175b9609520b7ff5df64d351159c22", size = 380625, upload-time = "2026-08-27T10:03:04.244Z" },
    { url = "https://files.pythonhosted.org/packages/0a/c4/b924cbd5516676f4e612329f18602a833bd055ffbe27f808eeba0f01bfea/msgpack-1.2.2-cp314-cp314t-musllinux_1_2_aarch64.whl", hash = "sha256:652d1bf13d01bac8fd569def0fe76745e55bcda01e30aa6332d5947ea3788839", size = 411328, upload-time = "2026-08-27T10:03:05.869Z" },
    { url = "https://files.pythonhosted.org/packages/27/9d/0c1d9683a951a80f270c3b7dac1022c18b9307617344dd44d904135d5e12/msgpack-1.2.2-cp314-cp314t-musllinux_1_2_riscv64.whl", hash = "sha256:9bf452ff4d4981f25a18e9476e002bcc9263e7928024aa4d7148e25f7be3f929", size = 377892, upload-time = "2026-08-27T10:03:07.37Z" },
    { url = "https://files.pythonhosted.org/packages/06/bb/bf22338cdd22e0b40c8f28468cea5f3d9c320244c095d8303364bc012c41/msgpack-1.2.2-cp314-cp314t-musllinux_1_2_x86_64.whl", hash = "sha256:55faa6f8395e23b848c535ad5dcb96b3462f37f5e7f4ac500d500434f7345da7", size = 419426, upload-time = "2026-08-27T10:03:09Z" },
    { url = "https://files.pythonhosted.org/packages/7d/42/6d02c19a01abd8d7ce817c321d2ee6af1a8e24d584dca619d1b6576a83bf/msgpack-1.2.2-cp314-cp314t-win32.whl", hash = "sha256:419a45c67a5c04213172a14b1864657e014665b77d7081b107a51707923dd39e", size = 71810, upload-time = "2026-08-27T10:03:10.498Z" },
    { url = "https://files.pythonhosted.org/packages/af/df/fda3a204415dab0a8c0db5461ef7205416ea52bd8581c5cafd361be07f3b/msgpack-1.2.2-cp314-cp314t-win_amd64.whl", hash = "sha256:935b1cfad9b908b0fa845010f4271df4c2f04e1cd26e3f18acd61a45f93c9e36", size = 78919, upload-time = "2026-08-27T10:03:12.016Z" },
    { url = "https://files.pythonhosted.org/packages/63/d4/4b4b0ef25a86deca91feaf7252ca885ba4f2ada40461379120122a04fe96/msgpack-1.2.2-cp314-cp314t-win_arm64.whl", hash = "sha256:11e8c421e117d1c36728b423d0402555cccbf0c6f53e288f0e75b6b12100d70f", size = 71925, upload-time = "2026-08-27T10:03:13.332Z" },
    { url = "https://files.pythonhosted.org/packages/3b/92/4b44bc8f3243ef8cf9cb5368c17a299d45b9df858f6dfdd98a0482dbbb37/msgpack-1.2.2-cp315-cp315-macosx_10_15_x86_64.whl", hash = "sha256:e1b99ad34613d5f8477fa5cf99bc4eaeaf27965588007c102370cd9a78fe9de5", size = 84293, upload-time = "2026-08-27T10:03:14.718Z" },
    { url = "https://files.pythonhosted.org/packages/80/05/c992bb65744665a41b5bf531fc0e1619bae0901f57738228ded90023c151/msgpack-1.2.2-cp315-cp315-macosx_11_0_arm64.whl", hash = "sha256:0fbc1bed8a535389b41882cfae66376e248cd1680eaa94fd83193c73e1d24986", size = 84490, upload-time = "2026-08-27T10:03:16.12Z" },
    { url = "https://files.pythonhosted.org/packages/d7/bf/7f53b9e6709a4df7f9b9b81dc65f9dfaa32caf65bee94986ec2cb8fa07f1/msgpack-1.2.2-cp315-cp315-manylinux2014_aarch64.manylinux_2_17_aarch64.manylinux_2_28_aarch64.whl", hash = "sha256:06d95f61de7afe4f4ff908a6feebfcb070d0582ac87c9cf3cedf8551cf634516", size = 405332, upload-time = "2026-08-27T10:03:17.692Z" },
    { url = "https://files.pythonhosted.org/packages/d2/5a/305c4dca14b50d0b51fb88ef04ec125b8f0be3e2ce730dcc62dbaa651cc5/msgpack-1.2.2-cp315-cp315-manylinux2014_x86_64.manylinux_2_17_x86_64.manylinux_2_28_x86_64.whl", hash = "sha256:b5c696ae7cd7166b3657261adb855b461ff31f07823fdbae9de8bf80adfccc21", size = 416798, upload-time = "2026-08-27T10:03:19.389Z" },
    { url = "https://files.pythonhosted.org/packages/7a/df/a645102b4cdfd9a94201cac4e900e9c1429fc16d86aa311c06eef82528c9/msgpack-1.2.2-cp315-cp315-manylinux_2_31_riscv64.manylinux_2_39_riscv64.whl", hash = "sha256:0708afbf6a9587f0bfe479a9825c141d14d91e2f6a5c8103cf28bc96f4edb5d9", size = 377312, upload-time = "2026-08-27T10:03:20.928Z" },
    { url = "https://files.pythonhosted.org/packages/f4/26/c56d8d086d3fb1077bb48092b158b5ea2eee08b279e10c191275f13bc980/msgpack-1.2.2-cp315-cp315-musllinux_1_2_aarch64.whl", hash = "sha256:226a62ffe99fe54c5c61d910ec64c3449b7766c3280bd286bf6c94838dde239a", size = 395182, upload-time = "2026-08-27T10:03:22.571Z" },
    { url = "https://files.pythonhosted.org/packages/4d/b5/3d46ba367a565e536d8d2a61eebcee71b1dc803da3ce74a22313b573d6fa/msgpack-1.2.2-cp315-cp315-musllinux_1_2_riscv64.whl", hash = "sha256:9fd7f32e2f0fb334e7ecc5adb5cf0458785bd3a9d9d86f950e1715f101cebce5", size = 377945, upload-time = "2026-08-27T10:03:24.151Z" },
    { url = "https://files.pythonhosted.org/packages/a5/2c/d5d2df273ed5306357da25b69400fd8d7a53c4d87d8976604b677484d61c/msgpack-1.2.2-cp315-cp315-musllinux_1_2_x86_64.whl", hash = "sha256:9db1ba1c1e6a84245a9dd866265b56b8a1e9461549cc72ed296d8cbfbd32961b", size = 413341, upload-time = "2026-08-27T10:03:25.85Z" },
    { url = "https://files.pythonhosted.org/packages/1b/fb/32613bced3cad47b40b1b73dd04d687121349d83f748efc2575929121903/msgpack-1.2.2-cp315-cp315-win32.whl", hash = "sha256:e2eb7ea0ac3911a7aac9d8aaa36d40f216d99455b3274cd3fac38181bcd910cf", size = 66730, upload-time = "2026-08-27T10:03:27.294Z" },
    { url = "https://files.pythonhosted.org/packages/74/56/d86171f7251015e9312e5a7f9fdd4cf89752fc2114b88fed453d2a040c66/msgpack-1.2.2-cp315-cp315-win_amd64.whl", hash = "sha256:9352e6cdb510a7b1a5d3ccaccec730e82e50cf3484a3af7bdaab19e23b9589ff", size = 73477, upload-time = "2026-08-27T10:03:28.615Z" },
    { url = "https://files.pythonhosted.org/packages/13/1a/56b90f6defef61700b86baca3637c15f62ac0f9b21ab0f16613ab9d1f101/msgpack-1.2.2-cp315-cp315-win_arm64.whl", hash = "sha256:29cc2d5291711a52956a79a51f41c732329df39ad727c886bd8f0b5b9237a808", size = 67660, upload-time = "2026-08-27T10:03:29.895Z" },
    { url = "https://files.pythonhosted.org/packages/cd/20/12751ca0d8ec874701b54c392c2b19f51af8dd1de40a92a10e356f0aaf58/msgpack-1.2.2-cp315-cp315t-macosx_10_15_x86_64.whl", hash = "sha256:d886baa46b2532135e7320067e6a44edb09ba5883a6096b0f9c044533984b8a8", size = 86462, upload-time = "2026-08-27T10:03:31.348Z" },
    { url = "https://files.pythonhosted.org/packages/91/4c/cf6d12a3d709fe5f9771dd917c35e6ebcd55597a5b792287382fde056c95/msgpack-1.2.2-cp315-cp315t-macosx_11_0_arm64.whl", hash = "sha256:53679573c75cce5f82359e0bd4e6a97809a6b9a9b7a48fd1ba592f4a82cddc84", size = 87412, upload-time = "2026-08-27T10:03:32.74Z" },
    { url = "https://files.pythonhosted.org/packages/ca/0d/0aac5752d1708dcb458f8754db34a4999514db3df2d2b798b9381293f638/msgpack-1.2.2-cp315-cp315t-manylinux2014_aarch64.manylinux_2_17_aarch64.manylinux_2_28_aarch64.whl", hash = "sha256:d3c247d457ae9079974c7ce3c665396754a6d2baff7eaa51332212a8a5a3f13b", size = 422057, upload-time = "2026-08-27T10:03:34.124Z" },
    { url = "https://files.pythonhosted.org/packages/81/30/70f281a3685b04aaf235a5237da11b978a02a865a5a479186205177ad676/msgpack-1.2.2-cp315-cp315t-manylinux2014_x86_64.manylinux_2_17_x86_64.manylinux_2_28_x86_64.whl", hash = "sha256:352ed831042549cca8be23780e1fe7c9177e65ff02bf183509c4b4d33f671782", size = 422696, upload-time = "2026-08-27T10:03:35.862Z" },
    { url = "https://files.pythonhosted.org/packages/8a/6d/f76e8425efb0aa38988cd778ae290bfa120491d80d26872d88bb52fedb3f/msgpack-1.2.2-cp315-cp315t-manylinux_2_31_riscv64.manylinux_2_39_riscv64.whl", hash = "sha256:f80361592c13d7226b4379c8941529b63fe1a9d0e05d2de8f3306b70e522b53f", size = 376495, upload-time = "2026-08-27T10:03:37.339Z" },
    { url = "https://files.pythonhosted.org/packages/95/77/0809aa9b52b2868f7d01862dc14073708f0440421a65197b48453480034c/msgpack-1.2.2-cp315-cp315t-musllinux_1_2_aarch64.whl", hash = "sha256:68df2947921d449f6dcfeafd86cb2cdde13327a8b447534bbe4ee5aaf32a5695", size = 404683, upload-time = "2026-08-27T10:03:38.87Z" },
    { url = "https://files.pythonhosted.org/packages/02/d2/4e5ac915ba120172d210ef00165c5e6276c8a65db3a4a5cf36e946b83e23/msgpack-1.2.2-cp315-cp315t-musllinux_1_2_riscv64.whl", hash = "sha256:51dd39d23cfdea0400ed3ff2d29d1e83bd951d3aea79dc89be5b701a09edfe23", size = 375087, upload-time = "2026-08-27T10:03:40.486Z" },
    { url = "https://files.pythonhosted.org/packages/cb/e3/8051d53e5495c87c6cf27eb42fb680361017037f87f322bdaf525f71e4a2/msgpack-1.2.2-cp315-cp315t-musllinux_1_2_x86_64.whl", hash = "sha256:b13b59e66f107cca1ba708dd5307179870ca1b15b19fcee7ccf722e5308d9212", size = 414421, upload-time = "2026-08-27T10:03:42.308Z" },
    { url = "https://files.pythonhosted.org/packages/ba/4e/13783aa7c17414d7186c72c49bc718366f75e49f0ea58d4f81cb63ac3187/msgpack-1.2.2-cp315-cp315t-win32.whl", hash = "sha256:8c6321a414f8b4a8dc43976b2fa8349156434ca9adedd9a187b796f7e1d3d3fc", size = 71790, upload-time = "2026-08-27T10:03:43.715Z" },
    { url = "https://files.pythonhosted.org/packages/5e/9d/1d02994c7ae2603c98100984428ff0f67443572133bc18eca6058f732c1b/msgpack-1.2.2-cp315-cp315t-win_amd64.whl", hash = "sha256:6f53285f20d592ed309ee19e509cc4c77a3bda1db02ad67e8a0949bb227a5a6d", size = 78766, upload-time = "2026-08-27T10:03:45.036Z" },
    { url = "https://files.pythonhosted.org/packages/60/54/89ed16e6f966a050dc78b0e94a545025211b07ce9f4bdfe07dff70c03fc2/msgpack-1.2.2-cp315-cp315t-win_arm64.whl", hash = "sha256:a378e12ccc06d76efde115caf4073b7e5ff3cc18291d1341f9e65fb882e3f754", size = 71819, upload-time = "2026-08-27T10:03:46.375Z" },
]

[[package]]
name = "platformdirs"
version = "4.11.7"
source = { registry = "https://pypi.org/simple" }
sdist = { url = "https://files.pythonhosted.org/packages/69/b7/802a56eca9f2fac455b8bab5375a2647b0f0e14a2cd63ef077de3c4a7658/platformdirs-4.11.7.tar.gz", hash = "sha256:4f41487eeeeeb07f3a6625e61d9bc0ae6809f92d3386dbd74392fbb76108104d", size = 35127, upload-time = "2026-09-01T13:35:10.502Z" }
wheels = [
    { url = "https://files.pythonhosted.org/packages/27/6e/80993e10a0482f630cef528635789233224f36b1ffd11592aa15d13ff9ce/platformdirs-4.11.7-py3-none-any.whl", hash = "sha256:8a02cb259042c79d1cd0450facc2fe6dc9d303ae7901afbe33bf8ea0b188cef6", size = 23938, upload-time = "2026-09-01T13:35:09.02Z" },
]

[[package]]
name = "popoto"
version = "1.9.0"
source = { editable = "../" }
dependencies = [
    { name = "msgpack" },
    { name = "redis" },
]

[package.metadata]
requires-dist = [
    { name = "anthropic", marker = "extra == 'anthropic'", specifier = ">=0.40.0" },
    { name = "black", marker = "extra == 'dev'", specifier = ">=26.3.1" },
    { name = "cyksuid", marker = "extra == 'ksuid'", specifier = ">=1.0.0" },
    { name = "griffe", marker = "extra == 'docs'", specifier = ">=0.45" },
    { name = "huggingface-hub", marker = "extra == 'benchmark'", specifier = ">=0.23" },
    { name = "mcp", marker = "extra == 'mcp'", specifier = ">=1.2" },
    { name = "mkdocs", marker = "extra == 'docs'", specifier = ">=1.6" },
    { name = "mkdocs-gen-files", marker = "extra == 'docs'", specifier = ">=0.5" },
    { name = "mkdocs-literate-nav", marker = "extra == 'docs'", specifier = ">=0.6" },
    { name = "mkdocs-material", marker = "extra == 'docs'", specifier = ">=9.5" },
    { name = "mkdocs-open-in-new-tab", marker = "extra == 'docs'", specifier = ">=1.0" },
    { name = "mkdocstrings", extras = ["python"], marker = "extra == 'docs'", specifier = ">=0.25" },
    { name = "msgpack", specifier = ">=1.0.4" },
    { name = "msgpack-numpy", marker = "extra == 'dataframe'", specifier = ">=0.4.8" },
    { name = "mypy", marker = "extra == 'dev'", specifier = ">=2.3.1" },
    { name = "numpy", marker = "extra == 'dataframe'", specifier = ">=1.23.1" },
    { name = "numpy", marker = "extra == 'embeddings'", specifier = ">=1.23.1" },
    { name = "numpy", marker = "extra == 'openai'", specifier = ">=1.23.1" },
    { name = "numpy", marker = "extra == 'voyage'", specifier = ">=1.23.1" },
    { name = "openai", marker = "extra == 'openai'", specifier = ">=1.0.0" },
    { name = "pandas", marker = "extra == 'dataframe'", specifier = ">=1.4.3" },
    { name = "pytest", marker = "extra == 'dev'", specifier = ">=7.1.2" },
    { name = "pytest-asyncio", marker = "extra == 'dev'", specifier = ">=0.21.0" },
    { name = "redis", specifier = ">=4.4.4" },
    { name = "ruff", marker = "extra == 'dev'", specifier = ">=0.1.0" },
    { name = "sentence-transformers", marker = "extra == 'benchmark'", specifier = ">=2.7" },
    { name = "sentry-sdk", marker = "extra == 'monitoring'", specifier = ">=2.0.0" },
    { name = "tiktoken", marker = "extra == 'dev'", specifier = ">=0.5" },
    { name = "ulid-py", marker = "extra == 'ulid'", specifier = ">=1.1.0" },
    { name = "voyageai", marker = "extra == 'voyage'", specifier = ">=0.3.0" },
]
provides-extras = ["dataframe", "ulid", "ksuid", "embeddings", "voyage", "openai", "anthropic", "monitoring", "mcp", "benchmark", "dev", "docs"]

[[package]]
name = "popoto-kitchen"
version = "0.1.0"
source = { editable = "." }
dependencies = [
    { name = "popoto" },
    { name = "textual" },
]

[package.metadata]
requires-dist = [
    { name = "popoto", editable = "../" },
    { name = "textual", specifier = ">=0.47.0" },
]

[[package]]
name = "pygments"
version = "2.21.0"
source = { registry = "https://pypi.org/simple" }
sdist = { url = "https://files.pythonhosted.org/packages/49/2e/ced460408999b33da6b31b0021b0f37d329e202d4169aeb164493778f25b/pygments-2.21.0.tar.gz", hash = "sha256:610ca751c9bc2492b38eb9a38a7fbc93edbbb2d7182edaf34e66ae493dee5c8c", size = 5005329, upload-time = "2026-08-17T08:02:48.824Z" }
wheels = [
    { url = "https://files.pythonhosted.org/packages/71/46/17f022dd3e953bf20a04a028a21ec746d942f8d2af30fa0f124fa0e6a684/pygments-2.21.0-py3-none-any.whl", hash = "sha256:2363c69b61c4a97c838da3b130dcd6468f4848992b21a82f2a63ec34377137d9", size = 1250147, upload-time = "2026-08-17T08:02:44.912Z" },
]

[[package]]
name = "redis"
version = "8.1.0"
source = { registry = "https://pypi.org/simple" }
dependencies = [
    { name = "async-timeout", marker = "python_full_version < '3.11.3'" },
]
sdist = { url = "https://files.pythonhosted.org/packages/a8/99/604f0b666d4c616d891cf77ebb9db6bb21601344c051aebf1b72b9ff915f/redis-8.1.0.tar.gz", hash = "sha256:6e1a19beef9225c83efd689c7e6b7da2d5215b1f42cd13b7fc3714d0a09c7b25", size = 5254356, upload-time = "2026-07-30T08:51:00.269Z" }
wheels = [
    { url = "https://files.pythonhosted.org/packages/66/9d/c5731f6e3608663d4d3656fd8d3aecee8b509c3082818f5a13eae925baea/redis-8.1.0-py3-none-any.whl", hash = "sha256:a4fe1aac3d3b3cc791d4b3d5931c5a956045dc951ee74d1c913ee3ac4d2ee9fb", size = 560618, upload-time = "2026-07-30T08:50:58.497Z" },
]

[[package]]
name = "rich"
version = "15.0.0"
source = { registry = "https://pypi.org/simple" }
dependencies = [
    { name = "markdown-it-py" },
    { name = "pygments" },
]
sdist = { url = "https://files.pythonhosted.org/packages/c0/8f/0722ca900cc807c13a6a0c696dacf35430f72e0ec571c4275d2371fca3e9/rich-15.0.0.tar.gz", hash = "sha256:edd07a4824c6b40189fb7ac9bc4c52536e9780fbbfbddf6f1e2502c31b068c36", size = 230680, upload-time = "2026-04-12T08:24:00.75Z" }
wheels = [
    { url = "https://files.pythonhosted.org/packages/82/3b/64d4899d73f91ba49a8c18a8ff3f0ea8f1c1d75481760df8c68ef5235bf5/rich-15.0.0-py3-none-any.whl", hash = "sha256:33bd4ef74232fb73fe9279a257718407f169c09b78a87ad3d296f548e27de0bb", size = 310654, upload-time = "2026-04-12T08:24:02.83Z" },
]

[[package]]
name = "textual"
version = "8.2.8"
source = { registry = "https://pypi.org/simple" }
dependencies = [
    { name = "markdown-it-py", extra = ["linkify"] },
    { name = "mdit-py-plugins" },
    { name = "platformdirs" },
    { name = "pygments" },
    { name = "rich" },
    { name = "typing-extensions" },
]
sdist = { url = "https://files.pythonhosted.org/packages/00/21/39a76b01bd5eea82a04baaca7580e105d8c59450df03998345bb2cfb307b/textual-8.2.8.tar.gz", hash = "sha256:3f106a9fbc73e39dd266c9712432087de78a6d644084c7c241d6a25c3169115b", size = 1860502, upload-time = "2026-06-30T06:51:24.495Z" }
wheels = [
    { url = "https://files.pythonhosted.org/packages/fb/be/35261223d9416a0751cdff1c7b4a6f881387218a12d439fe22fefebc8c04/textual-8.2.8-py3-none-any.whl", hash = "sha256:267375fd402dc8d981457212efa71f0e3365fd17bba144ba9bb3ed7563cb374a", size = 731418, upload-time = "2026-06-30T06:51:26.364Z" },
]

[[package]]
name = "typing-extensions"
version = "4.16.0"
source = { registry = "https://pypi.org/simple" }
sdist = { url = "https://files.pythonhosted.org/packages/f6/cc/6253133b5bb138fc3306cebfbda2c520f545d36b5be2c7255cc528bb45d6/typing_extensions-4.16.0.tar.gz", hash = "sha256:dc983d19a509c94dba722ee6abd33940f7c05a89e243c47e907eb4db6f1a43e5", size = 113555, upload-time = "2026-07-02T08:40:05.92Z" }
wheels = [
    { url = "https://files.pythonhosted.org/packages/49/d3/b8441a820a491ddfc024b0b0cf0393375b75ea13866d9c66727e54c2fc80/typing_extensions-4.16.0-py3-none-any.whl", hash = "sha256:481caa481374e813c1b176ada14e97f1f67a4539ce9cfeb3f350d78d6370c2e8", size = 45571, upload-time = "2026-07-02T08:40:04.659Z" },
]
